
Microsoft Visual Studio Solution File, Format Version 12.00
# Visual Studio 15
VisualStudioVersion = 15.0.28307.106
MinimumVisualStudioVersion = 10.0.40219.1
Project("{FAE04EC0-301F-11D3-BF4B-00C04F79EFBC}") = "QuetengoenmineveraAPI", "QuetengoenmineveraAPI\QuetengoenmineveraAPI.csproj", "{46466BE4-45D2-4103-BA25-14F430642821}"
EndProject
Global
	GlobalSection(SolutionConfigurationPlatforms) = preSolution
		Debug|Any CPU = Debug|Any CPU
		Release|Any CPU = Release|Any CPU
	EndGlobalSection
	GlobalSection(ProjectConfigurationPlatforms) = postSolution
		{46466BE4-45D2-4103-BA25-14F430642821}.Debug|Any CPU.ActiveCfg = Debug|Any CPU
		{46466BE4-45D2-4103-BA25-14F430642821}.Debug|Any CPU.Build.0 = Debug|Any CPU
		{46466BE4-45D2-4103-BA25-14F430642821}.Release|Any CPU.ActiveCfg = Release|Any CPU
		{46466BE4-45D2-4103-BA25-14F430642821}.Release|Any CPU.Build.0 = Release|Any CPU
	EndGlobalSection
	GlobalSection(SolutionProperties) = preSolution
		HideSolutionNode = FALSE
	EndGlobalSection
	GlobalSection(ExtensibilityGlobals) = postSolution
		SolutionGuid = {41754AFE-785A-484B-8649-473890717DD6}
	EndGlobalSection
EndGlobal
